
Microsoft Visual Studio Solution File, Format Version 12.00
# Visual Studio Version 16
VisualStudioVersion = 16.0.32901.82
MinimumVisualStudioVersion = 10.0.40219.1
Project("{FAE04EC0-301F-11D3-BF4B-00C04F79EFBC}") = "MvcOnlineTicariOtomasyon", "MvcOnlineTicariOtomasyon.csproj", "{8AB4E02C-2864-4B53-9F59-04544C80112B}"
EndProject
Global
	GlobalSection(SolutionConfigurationPlatforms) = preSolution
		Debug|Any CPU = Debug|Any CPU
		Release|Any CPU = Release|Any CPU
	EndGlobalSection
	GlobalSection(ProjectConfigurationPlatforms) = postSolution
		{8AB4E02C-2864-4B53-9F59-04544C80112B}.Debug|Any CPU.ActiveCfg = Debug|Any CPU
		{8AB4E02C-2864-4B53-9F59-04544C80112B}.Debug|Any CPU.Build.0 = Debug|Any CPU
		{8AB4E02C-2864-4B53-9F59-04544C80112B}.Release|Any CPU.ActiveCfg = Release|Any CPU
		{8AB4E02C-2864-4B53-9F59-04544C80112B}.Release|Any CPU.Build.0 = Release|Any CPU
	EndGlobalSection
	GlobalSection(SolutionProperties) = preSolution
		HideSolutionNode = FALSE
	EndGlobalSection
	GlobalSection(ExtensibilityGlobals) = postSolution
		SolutionGuid = {55C6049E-C610-4A73-BE28-BCAFF7828D0C}
	EndGlobalSection
EndGlobal
